
Microsoft Visual Studio Solution File, Format Version 12.00
# Visual Studio Version 17
VisualStudioVersion = 17.0.32126.317
MinimumVisualStudioVersion = 10.0.40219.1
Project("{9A19103F-16F7-4668-BE54-9A1E7A4F7556}") = "Magnus.Futbot.Api", "Magnus.Futbot.Api\Magnus.Futbot.Api.csproj", "{FD24543A-63B8-474F-BC2A-D2F9E64E9F02}"
EndProject
Project("{9A19103F-16F7-4668-BE54-9A1E7A4F7556}") = "Magnus.Futbot.Database", "Magnus.Futbot.Database\Magnus.Futbot.Database.csproj", "{24CB6909-77EB-412B-BB70-A7D0FAA5D249}"
EndProject
Global
	GlobalSection(SolutionConfigurationPlatforms) = preSolution
		Debug|Any CPU = Debug|Any CPU
		Release|Any CPU = Release|Any CPU
	EndGlobalSection
	GlobalSection(ProjectConfigurationPlatforms) = postSolution
		{FD24543A-63B8-474F-BC2A-D2F9E64E9F02}.Debug|Any CPU.ActiveCfg = Debug|Any CPU
		{FD24543A-63B8-474F-BC2A-D2F9E64E9F02}.Debug|Any CPU.Build.0 = Debug|Any CPU
		{FD24543A-63B8-474F-BC2A-D2F9E64E9F02}.Release|Any CPU.ActiveCfg = Release|Any CPU
		{FD24543A-63B8-474F-BC2A-D2F9E64E9F02}.Release|Any CPU.Build.0 = Release|Any CPU
		{24CB6909-77EB-412B-BB70-A7D0FAA5D249}.Debug|Any CPU.ActiveCfg = Debug|Any CPU
		{24CB6909-77EB-412B-BB70-A7D0FAA5D249}.Debug|Any CPU.Build.0 = Debug|Any CPU
		{24CB6909-77EB-412B-BB70-A7D0FAA5D249}.Release|Any CPU.ActiveCfg = Release|Any CPU
		{24CB6909-77EB-412B-BB70-A7D0FAA5D249}.Release|Any CPU.Build.0 = Release|Any CPU
	EndGlobalSection
	GlobalSection(SolutionProperties) = preSolution
		HideSolutionNode = FALSE
	EndGlobalSection
	GlobalSection(ExtensibilityGlobals) = postSolution
		SolutionGuid = {29C083F9-3949-448F-B784-7F15839544AC}
	EndGlobalSection
EndGlobal
